<?xml version="1.0" encoding="utf-8"?>
<Project ToolsVersion="4.0" xmlns="http://schemas.microsoft.com/developer/msbuild/2003">
  <ItemGroup>
    <Filter Include="src">
      <UniqueIdentifier>{24024bb6-b69e-4825-9d9b-58a23bffa799}</UniqueIdentifier>
    </Filter>
    <Filter Include="lib">
      <UniqueIdentifier>{737c78f9-6558-4c3a-81d4-b5fa1d1ec558}</UniqueIdentifier>
    </Filter>
    <Filter Include="resource">
      <UniqueIdentifier>{b96c79d7-6043-41fa-9243-faa0bf0fb848}</UniqueIdentifier>
    </Filter>
  </ItemGroup>
  <ItemGroup>
    <ClCompile Include="..\src\mat_convert\main.cc">
      <Filter>src</Filter>
    </ClCompile>
  </ItemGroup>
  <ItemGroup>
    <Text Include="..\log\mat_convert_log.txt">
      <Filter>resource</Filter>
    </Text>
  </ItemGroup>
</Project>